
Microsoft Visual Studio Solution File, Format Version 12.00
# Visual Studio Version 16
VisualStudioVersion = 16.0.29806.167
MinimumVisualStudioVersion = 10.0.40219.1
Project("{9A19103F-16F7-4668-BE54-9A1E7A4F7556}") = "Website", "Website\Website.csproj", "{82EEF23D-A7F7-462F-BC26-B5FB6621094C}"
EndProject
Project("{00D1A9C2-B5F0-4AF3-8072-F6C62B433612}") = "Database", "Database\Database.sqlproj", "{0162E5CF-7651-42D0-B37F-D05C92FF861C}"
EndProject
Project("{9A19103F-16F7-4668-BE54-9A1E7A4F7556}") = "ModelBuilderServerless", "ModelBuilderServerless\ModelBuilderServerless.csproj", "{D19B7F58-1D03-427C-B4E8-33E68A21E470}"
EndProject
Project("{9A19103F-16F7-4668-BE54-9A1E7A4F7556}") = "Website.Tests", "Website.Tests\Website.Tests.csproj", "{7A3F21D5-BF22-4A42-98BC-283D776CEE36}"
EndProject
Project("{9A19103F-16F7-4668-BE54-9A1E7A4F7556}") = "ModelBuilderServerless.Tests", "ModelBuilderServerless.Tests\ModelBuilderServerless.Tests.csproj", "{AE7AC1B6-0AF1-43BA-93D5-21DE2884C5FA}"
EndProject
Project("{2150E333-8FDC-42A3-9474-1A3956D46DE8}") = "Solution Items", "Solution Items", "{9DBB7937-0011-4B1A-9AD3-69E371F3A3F6}"
	ProjectSection(SolutionItems) = preProject
		.editorconfig = .editorconfig
	EndProjectSection
EndProject
Global
	GlobalSection(SolutionConfigurationPlatforms) = preSolution
		Debug|Any CPU = Debug|Any CPU
		Release|Any CPU = Release|Any CPU
	EndGlobalSection
	GlobalSection(ProjectConfigurationPlatforms) = postSolution
		{82EEF23D-A7F7-462F-BC26-B5FB6621094C}.Debug|Any CPU.ActiveCfg = Debug|Any CPU
		{82EEF23D-A7F7-462F-BC26-B5FB6621094C}.Debug|Any CPU.Build.0 = Debug|Any CPU
		{82EEF23D-A7F7-462F-BC26-B5FB6621094C}.Release|Any CPU.ActiveCfg = Release|Any CPU
		{82EEF23D-A7F7-462F-BC26-B5FB6621094C}.Release|Any CPU.Build.0 = Release|Any CPU
		{0162E5CF-7651-42D0-B37F-D05C92FF861C}.Debug|Any CPU.ActiveCfg = Debug|Any CPU
		{0162E5CF-7651-42D0-B37F-D05C92FF861C}.Debug|Any CPU.Build.0 = Debug|Any CPU
		{0162E5CF-7651-42D0-B37F-D05C92FF861C}.Debug|Any CPU.Deploy.0 = Debug|Any CPU
		{0162E5CF-7651-42D0-B37F-D05C92FF861C}.Release|Any CPU.ActiveCfg = Release|Any CPU
		{0162E5CF-7651-42D0-B37F-D05C92FF861C}.Release|Any CPU.Build.0 = Release|Any CPU
		{0162E5CF-7651-42D0-B37F-D05C92FF861C}.Release|Any CPU.Deploy.0 = Release|Any CPU
		{D19B7F58-1D03-427C-B4E8-33E68A21E470}.Debug|Any CPU.ActiveCfg = Debug|Any CPU
		{D19B7F58-1D03-427C-B4E8-33E68A21E470}.Debug|Any CPU.Build.0 = Debug|Any CPU
		{D19B7F58-1D03-427C-B4E8-33E68A21E470}.Release|Any CPU.ActiveCfg = Release|Any CPU
		{D19B7F58-1D03-427C-B4E8-33E68A21E470}.Release|Any CPU.Build.0 = Release|Any CPU
		{7A3F21D5-BF22-4A42-98BC-283D776CEE36}.Debug|Any CPU.ActiveCfg = Debug|Any CPU
		{7A3F21D5-BF22-4A42-98BC-283D776CEE36}.Debug|Any CPU.Build.0 = Debug|Any CPU
		{7A3F21D5-BF22-4A42-98BC-283D776CEE36}.Release|Any CPU.ActiveCfg = Release|Any CPU
		{7A3F21D5-BF22-4A42-98BC-283D776CEE36}.Release|Any CPU.Build.0 = Release|Any CPU
		{AE7AC1B6-0AF1-43BA-93D5-21DE2884C5FA}.Debug|Any CPU.ActiveCfg = Debug|Any CPU
		{AE7AC1B6-0AF1-43BA-93D5-21DE2884C5FA}.Debug|Any CPU.Build.0 = Debug|Any CPU
		{AE7AC1B6-0AF1-43BA-93D5-21DE2884C5FA}.Release|Any CPU.ActiveCfg = Release|Any CPU
		{AE7AC1B6-0AF1-43BA-93D5-21DE2884C5FA}.Release|Any CPU.Build.0 = Release|Any CPU
	EndGlobalSection
	GlobalSection(SolutionProperties) = preSolution
		HideSolutionNode = FALSE
	EndGlobalSection
	GlobalSection(ExtensibilityGlobals) = postSolution
		SolutionGuid = {48629C66-EB37-4AAF-9935-1DB2A74A6E7B}
	EndGlobalSection
EndGlobal
